
Microsoft Visual Studio Solution File, Format Version 12.00
Project("{FAE04EC0-301F-11D3-BF4B-00C04F79EFBC}") = "LolaTrader", "LolaTrader\LolaTrader.csproj", "{7675D4F6-8275-4F01-AE99-CB27FDE6327C}"
EndProject
Project("{FAE04EC0-301F-11D3-BF4B-00C04F79EFBC}") = "LolaTraderTests", "LolaTraderTests\LolaTraderTests.csproj", "{CBB7C2F5-FD69-4D6A-BBA0-4597A9F6CF9B}"
EndProject
Global
	GlobalSection(SolutionConfigurationPlatforms) = preSolution
		Debug|Any CPU = Debug|Any CPU
		Release|Any CPU = Release|Any CPU
	EndGlobalSection
	GlobalSection(ProjectConfigurationPlatforms) = postSolution
		{7675D4F6-8275-4F01-AE99-CB27FDE6327C}.Debug|Any CPU.ActiveCfg = Debug|Any CPU
		{7675D4F6-8275-4F01-AE99-CB27FDE6327C}.Debug|Any CPU.Build.0 = Debug|Any CPU
		{7675D4F6-8275-4F01-AE99-CB27FDE6327C}.Release|Any CPU.ActiveCfg = Release|Any CPU
		{7675D4F6-8275-4F01-AE99-CB27FDE6327C}.Release|Any CPU.Build.0 = Release|Any CPU
		{CBB7C2F5-FD69-4D6A-BBA0-4597A9F6CF9B}.Debug|Any CPU.ActiveCfg = Debug|Any CPU
		{CBB7C2F5-FD69-4D6A-BBA0-4597A9F6CF9B}.Debug|Any CPU.Build.0 = Debug|Any CPU
		{CBB7C2F5-FD69-4D6A-BBA0-4597A9F6CF9B}.Release|Any CPU.ActiveCfg = Release|Any CPU
		{CBB7C2F5-FD69-4D6A-BBA0-4597A9F6CF9B}.Release|Any CPU.Build.0 = Release|Any CPU
	EndGlobalSection
EndGlobal
